// !$*UTF8*$!
{
	archiveVersion = 1;
	classes = {
	};
	objectVersion = 50;
	objects = {

/* Begin PBXBuildFile section */
		1C28B476219BC933001A9E80 /* AppDelegate.m in Sources */ = {isa = PBXBuildFile; fileRef = 1C28B475219BC933001A9E80 /* AppDelegate.m */; };
		1C28B479219BC933001A9E80 /* ViewController.m in Sources */ = {isa = PBXBuildFile; fileRef = 1C28B478219BC933001A9E80 /* ViewController.m */; };
		1C28B47C219BC933001A9E80 /* Main.storyboard in Resources */ = {isa = PBXBuildFile; fileRef = 1C28B47A219BC933001A9E80 /* Main.storyboard */; };
		1C28B47E219BC935001A9E80 /* Assets.xcassets in Resources */ = {isa = PBXBuildFile; fileRef = 1C28B47D219BC935001A9E80 /* Assets.xcassets */; };
		1C28B481219BC935001A9E80 /* LaunchScreen.storyboard in Resources */ = {isa = PBXBuildFile; fileRef = 1C28B47F219BC935001A9E80 /* LaunchScreen.storyboard */; };
		1C28B484219BC935001A9E80 /* main.m in Sources */ = {isa = PBXBuildFile; fileRef = 1C28B483219BC935001A9E80 /* main.m */; };
		1C28B494219BCE09001A9E80 /* UIButton+UC.m in Sources */ = {isa = PBXBuildFile; fileRef = 1C28B48F219BCE09001A9E80 /* UIButton+UC.m */; };
		1C28B495219BCE09001A9E80 /* FileUtil.m in Sources */ = {isa = PBXBuildFile; fileRef = 1C28B493219BCE09001A9E80 /* FileUtil.m */; };
		1C28B499219BF763001A9E80 /* UIImage+UC.m in Sources */ = {isa = PBXBuildFile; fileRef = 1C28B498219BF763001A9E80 /* UIImage+UC.m */; };
		1C28B49F219BF96B001A9E80 /* UIView+UC.m in Sources */ = {isa = PBXBuildFile; fileRef = 1C28B49E219BF96B001A9E80 /* UIView+UC.m */; };
		1C28B4A2219BF9EC001A9E80 /* UITextField+UC.m in Sources */ = {isa = PBXBuildFile; fileRef = 1C28B4A1219BF9EC001A9E80 /* UITextField+UC.m */; };
		1C28B4A5219BFA41001A9E80 /* UITableView+UC.m in Sources */ = {isa = PBXBuildFile; fileRef = 1C28B4A4219BFA41001A9E80 /* UITableView+UC.m */; };
		1C28B4A8219BFA99001A9E80 /* UIScrollView+UC.m in Sources */ = {isa = PBXBuildFile; fileRef = 1C28B4A7219BFA99001A9E80 /* UIScrollView+UC.m */; };
		1C28B4AB219BFB1B001A9E80 /* UIFont+UC.m in Sources */ = {isa = PBXBuildFile; fileRef = 1C28B4AA219BFB1B001A9E80 /* UIFont+UC.m */; };
		1C2BAE58219D03FA00DCF3F5 /* NSString+UC.m in Sources */ = {isa = PBXBuildFile; fileRef = 1C2BAE57219D03FA00DCF3F5 /* NSString+UC.m */; };
		1C2BAE5B219D047B00DCF3F5 /* NSData+UC.m in Sources */ = {isa = PBXBuildFile; fileRef = 1C2BAE5A219D047B00DCF3F5 /* NSData+UC.m */; };
		1C2BAE5E219D050800DCF3F5 /* NSNumber+UC.m in Sources */ = {isa = PBXBuildFile; fileRef = 1C2BAE5D219D050800DCF3F5 /* NSNumber+UC.m */; };
/* End PBXBuildFile section */

/* Begin PBXFileReference section */
		1C28B471219BC933001A9E80 /* UCCat.app */ = {isa = PBXFileReference; explicitFileType = wrapper.application; includeInIndex = 0; path = UCCat.app; sourceTree = BUILT_PRODUCTS_DIR; };
		1C28B474219BC933001A9E80 /* AppDelegate.h */ = {isa = PBXFileReference; lastKnownFileType = sourcecode.c.h; path = AppDelegate.h; sourceTree = "<group>"; };
		1C28B475219BC933001A9E80 /* AppDelegate.m */ = {isa = PBXFileReference; lastKnownFileType = sourcecode.c.objc; path = AppDelegate.m; sourceTree = "<group>"; };
		1C28B477219BC933001A9E80 /* ViewController.h */ = {isa = PBXFileReference; lastKnownFileType = sourcecode.c.h; path = ViewController.h; sourceTree = "<group>"; };
		1C28B478219BC933001A9E80 /* ViewController.m */ = {isa = PBXFileReference; lastKnownFileType = sourcecode.c.objc; path = ViewController.m; sourceTree = "<group>"; };
		1C28B47B219BC933001A9E80 /* Base */ = {isa = PBXFileReference; lastKnownFileType = file.storyboard; name = Base; path = Base.lproj/Main.storyboard; sourceTree = "<group>"; };
		1C28B47D219BC935001A9E80 /* Assets.xcassets */ = {isa = PBXFileReference; lastKnownFileType = folder.assetcatalog; path = Assets.xcassets; sourceTree = "<group>"; };
		1C28B480219BC935001A9E80 /* Base */ = {isa = PBXFileReference; lastKnownFileType = file.storyboard; name = Base; path = Base.lproj/LaunchScreen.storyboard; sourceTree = "<group>"; };
		1C28B482219BC935001A9E80 /* Info.plist */ = {isa = PBXFileReference; lastKnownFileType = text.plist.xml; path = Info.plist; sourceTree = "<group>"; };
		1C28B483219BC935001A9E80 /* main.m */ = {isa = PBXFileReference; lastKnownFileType = sourcecode.c.objc; path = main.m; sourceTree = "<group>"; };
		1C28B48F219BCE09001A9E80 /* UIButton+UC.m */ = {isa = PBXFileReference; fileEncoding = 4; lastKnownFileType = sourcecode.c.objc; path = "UIButton+UC.m"; sourceTree = "<group>"; };
		1C28B490219BCE09001A9E80 /* UIButton+UC.h */ = {isa = PBXFileReference; fileEncoding = 4; lastKnownFileType = sourcecode.c.h; path = "UIButton+UC.h"; sourceTree = "<group>"; };
		1C28B492219BCE09001A9E80 /* FileUtil.h */ = {isa = PBXFileReference; fileEncoding = 4; lastKnownFileType = sourcecode.c.h; path = FileUtil.h; sourceTree = "<group>"; };
		1C28B493219BCE09001A9E80 /* FileUtil.m */ = {isa = PBXFileReference; fileEncoding = 4; lastKnownFileType = sourcecode.c.objc; path = FileUtil.m; sourceTree = "<group>"; };
		1C28B496219BF6C5001A9E80 /* UCConst.h */ = {isa = PBXFileReference; lastKnownFileType = sourcecode.c.h; path = UCConst.h; sourceTree = "<group>"; };
		1C28B497219BF763001A9E80 /* UIImage+UC.h */ = {isa = PBXFileReference; lastKnownFileType = sourcecode.c.h; path = "UIImage+UC.h"; sourceTree = "<group>"; };
		1C28B498219BF763001A9E80 /* UIImage+UC.m */ = {isa = PBXFileReference; lastKnownFileType = sourcecode.c.objc; path = "UIImage+UC.m"; sourceTree = "<group>"; };
		1C28B49D219BF96B001A9E80 /* UIView+UC.h */ = {isa = PBXFileReference; lastKnownFileType = sourcecode.c.h; path = "UIView+UC.h"; sourceTree = "<group>"; };
		1C28B49E219BF96B001A9E80 /* UIView+UC.m */ = {isa = PBXFileReference; lastKnownFileType = sourcecode.c.objc; path = "UIView+UC.m"; sourceTree = "<group>"; };
		1C28B4A0219BF9EC001A9E80 /* UITextField+UC.h */ = {isa = PBXFileReference; lastKnownFileType = sourcecode.c.h; path = "UITextField+UC.h"; sourceTree = "<group>"; };
		1C28B4A1219BF9EC001A9E80 /* UITextField+UC.m */ = {isa = PBXFileReference; lastKnownFileType = sourcecode.c.objc; path = "UITextField+UC.m"; sourceTree = "<group>"; };
		1C28B4A3219BFA41001A9E80 /* UITableView+UC.h */ = {isa = PBXFileReference; lastKnownFileType = sourcecode.c.h; path = "UITableView+UC.h"; sourceTree = "<group>"; };
		1C28B4A4219BFA41001A9E80 /* UITableView+UC.m */ = {isa = PBXFileReference; lastKnownFileType = sourcecode.c.objc; path = "UITableView+UC.m"; sourceTree = "<group>"; };
		1C28B4A6219BFA99001A9E80 /* UIScrollView+UC.h */ = {isa = PBXFileReference; lastKnownFileType = sourcecode.c.h; path = "UIScrollView+UC.h"; sourceTree = "<group>"; };
		1C28B4A7219BFA99001A9E80 /* UIScrollView+UC.m */ = {isa = PBXFileReference; lastKnownFileType = sourcecode.c.objc; path = "UIScrollView+UC.m"; sourceTree = "<group>"; };
		1C28B4A9219BFB1B001A9E80 /* UIFont+UC.h */ = {isa = PBXFileReference; lastKnownFileType = sourcecode.c.h; path = "UIFont+UC.h"; sourceTree = "<group>"; };
		1C28B4AA219BFB1B001A9E80 /* UIFont+UC.m */ = {isa = PBXFileReference; lastKnownFileType = sourcecode.c.objc; path = "UIFont+UC.m"; sourceTree = "<group>"; };
		1C2BAE56219D03FA00DCF3F5 /* NSString+UC.h */ = {isa = PBXFileReference; lastKnownFileType = sourcecode.c.h; path = "NSString+UC.h"; sourceTree = "<group>"; };
		1C2BAE57219D03FA00DCF3F5 /* NSString+UC.m */ = {isa = PBXFileReference; lastKnownFileType = sourcecode.c.objc; path = "NSString+UC.m"; sourceTree = "<group>"; };
		1C2BAE59219D047B00DCF3F5 /* NSData+UC.h */ = {isa = PBXFileReference; lastKnownFileType = sourcecode.c.h; path = "NSData+UC.h"; sourceTree = "<group>"; };
		1C2BAE5A219D047B00DCF3F5 /* NSData+UC.m */ = {isa = PBXFileReference; lastKnownFileType = sourcecode.c.objc; path = "NSData+UC.m"; sourceTree = "<group>"; };
		1C2BAE5C219D050800DCF3F5 /* NSNumber+UC.h */ = {isa = PBXFileReference; lastKnownFileType = sourcecode.c.h; path = "NSNumber+UC.h"; sourceTree = "<group>"; };
		1C2BAE5D219D050800DCF3F5 /* NSNumber+UC.m */ = {isa = PBXFileReference; lastKnownFileType = sourcecode.c.objc; path = "NSNumber+UC.m"; sourceTree = "<group>"; };
/* End PBXFileReference section */

/* Begin PBXFrameworksBuildPhase section */
		1C28B46E219BC933001A9E80 /* Frameworks */ = {
			isa = PBXFrameworksBuildPhase;
			buildActionMask = 2147483647;
			files = (
			);
			runOnlyForDeploymentPostprocessing = 0;
		};
/* End PBXFrameworksBuildPhase section */

/* Begin PBXGroup section */
		1C28B468219BC933001A9E80 = {
			isa = PBXGroup;
			children = (
				1C28B473219BC933001A9E80 /* UCCat */,
				1C28B472219BC933001A9E80 /* Products */,
			);
			sourceTree = "<group>";
		};
		1C28B472219BC933001A9E80 /* Products */ = {
			isa = PBXGroup;
			children = (
				1C28B471219BC933001A9E80 /* UCCat.app */,
			);
			name = Products;
			sourceTree = "<group>";
		};
		1C28B473219BC933001A9E80 /* UCCat */ = {
			isa = PBXGroup;
			children = (
				1C28B474219BC933001A9E80 /* AppDelegate.h */,
				1C28B475219BC933001A9E80 /* AppDelegate.m */,
				1C28B477219BC933001A9E80 /* ViewController.h */,
				1C28B478219BC933001A9E80 /* ViewController.m */,
				1C28B48A219BC9CB001A9E80 /* UCCat */,
				1C28B47A219BC933001A9E80 /* Main.storyboard */,
				1C28B47D219BC935001A9E80 /* Assets.xcassets */,
				1C28B47F219BC935001A9E80 /* LaunchScreen.storyboard */,
				1C28B482219BC935001A9E80 /* Info.plist */,
				1C28B483219BC935001A9E80 /* main.m */,
			);
			path = UCCat;
			sourceTree = "<group>";
		};
		1C28B48A219BC9CB001A9E80 /* UCCat */ = {
			isa = PBXGroup;
			children = (
				1C28B48E219BCE09001A9E80 /* category */,
				1C28B491219BCE09001A9E80 /* utils */,
				1C28B496219BF6C5001A9E80 /* UCConst.h */,
			);
			path = UCCat;
			sourceTree = "<group>";
		};
		1C28B48E219BCE09001A9E80 /* category */ = {
			isa = PBXGroup;
			children = (
				1C28B48F219BCE09001A9E80 /* UIButton+UC.m */,
				1C28B490219BCE09001A9E80 /* UIButton+UC.h */,
				1C28B497219BF763001A9E80 /* UIImage+UC.h */,
				1C28B498219BF763001A9E80 /* UIImage+UC.m */,
				1C28B49D219BF96B001A9E80 /* UIView+UC.h */,
				1C28B49E219BF96B001A9E80 /* UIView+UC.m */,
				1C2BAE56219D03FA00DCF3F5 /* NSString+UC.h */,
				1C2BAE57219D03FA00DCF3F5 /* NSString+UC.m */,
				1C2BAE5C219D050800DCF3F5 /* NSNumber+UC.h */,
				1C2BAE5D219D050800DCF3F5 /* NSNumber+UC.m */,
				1C2BAE59219D047B00DCF3F5 /* NSData+UC.h */,
				1C2BAE5A219D047B00DCF3F5 /* NSData+UC.m */,
				1C28B4A0219BF9EC001A9E80 /* UITextField+UC.h */,
				1C28B4A1219BF9EC001A9E80 /* UITextField+UC.m */,
				1C28B4A3219BFA41001A9E80 /* UITableView+UC.h */,
				1C28B4A4219BFA41001A9E80 /* UITableView+UC.m */,
				1C28B4A6219BFA99001A9E80 /* UIScrollView+UC.h */,
				1C28B4A7219BFA99001A9E80 /* UIScrollView+UC.m */,
				1C28B4A9219BFB1B001A9E80 /* UIFont+UC.h */,
				1C28B4AA219BFB1B001A9E80 /* UIFont+UC.m */,
			);
			path = category;
			sourceTree = "<group>";
		};
		1C28B491219BCE09001A9E80 /* utils */ = {
			isa = PBXGroup;
			children = (
				1C28B492219BCE09001A9E80 /* FileUtil.h */,
				1C28B493219BCE09001A9E80 /* FileUtil.m */,
			);
			path = utils;
			sourceTree = "<group>";
		};
/* End PBXGroup section */

/* Begin PBXNativeTarget section */
		1C28B470219BC933001A9E80 /* UCCat */ = {
			isa = PBXNativeTarget;
			buildConfigurationList = 1C28B487219BC935001A9E80 /* Build configuration list for PBXNativeTarget "UCCat" */;
			buildPhases = (
				1C28B46D219BC933001A9E80 /* Sources */,
				1C28B46E219BC933001A9E80 /* Frameworks */,
				1C28B46F219BC933001A9E80 /* Resources */,
			);
			buildRules = (
			);
			dependencies = (
			);
			name = UCCat;
			productName = UCCat;
			productReference = 1C28B471219BC933001A9E80 /* UCCat.app */;
			productType = "com.apple.product-type.application";
		};
/* End PBXNativeTarget section */

/* Begin PBXProject section */
		1C28B469219BC933001A9E80 /* Project object */ = {
			isa = PBXProject;
			attributes = {
				LastUpgradeCheck = 1000;
				ORGANIZATIONNAME = xubojoy;
				TargetAttributes = {
					1C28B470219BC933001A9E80 = {
						CreatedOnToolsVersion = 10.0;
					};
				};
			};
			buildConfigurationList = 1C28B46C219BC933001A9E80 /* Build configuration list for PBXProject "UCCat" */;
			compatibilityVersion = "Xcode 9.3";
			developmentRegion = en;
			hasScannedForEncodings = 0;
			knownRegions = (
				en,
				Base,
			);
			mainGroup = 1C28B468219BC933001A9E80;
			productRefGroup = 1C28B472219BC933001A9E80 /* Products */;
			projectDirPath = "";
			projectRoot = "";
			targets = (
				1C28B470219BC933001A9E80 /* UCCat */,
			);
		};
/* End PBXProject section */

/* Begin PBXResourcesBuildPhase section */
		1C28B46F219BC933001A9E80 /* Resources */ = {
			isa = PBXResourcesBuildPhase;
			buildActionMask = 2147483647;
			files = (
				1C28B481219BC935001A9E80 /* LaunchScreen.storyboard in Resources */,
				1C28B47E219BC935001A9E80 /* Assets.xcassets in Resources */,
				1C28B47C219BC933001A9E80 /* Main.storyboard in Resources */,
			);
			runOnlyForDeploymentPostprocessing = 0;
		};
/* End PBXResourcesBuildPhase section */

/* Begin PBXSourcesBuildPhase section */
		1C28B46D219BC933001A9E80 /* Sources */ = {
			isa = PBXSourcesBuildPhase;
			buildActionMask = 2147483647;
			files = (
				1C28B495219BCE09001A9E80 /* FileUtil.m in Sources */,
				1C28B499219BF763001A9E80 /* UIImage+UC.m in Sources */,
				1C28B4AB219BFB1B001A9E80 /* UIFont+UC.m in Sources */,
				1C28B4A8219BFA99001A9E80 /* UIScrollView+UC.m in Sources */,
				1C2BAE5B219D047B00DCF3F5 /* NSData+UC.m in Sources */,
				1C2BAE5E219D050800DCF3F5 /* NSNumber+UC.m in Sources */,
				1C28B4A2219BF9EC001A9E80 /* UITextField+UC.m in Sources */,
				1C28B4A5219BFA41001A9E80 /* UITableView+UC.m in Sources */,
				1C28B49F219BF96B001A9E80 /* UIView+UC.m in Sources */,
				1C2BAE58219D03FA00DCF3F5 /* NSString+UC.m in Sources */,
				1C28B479219BC933001A9E80 /* ViewController.m in Sources */,
				1C28B494219BCE09001A9E80 /* UIButton+UC.m in Sources */,
				1C28B484219BC935001A9E80 /* main.m in Sources */,
				1C28B476219BC933001A9E80 /* AppDelegate.m in Sources */,
			);
			runOnlyForDeploymentPostprocessing = 0;
		};
/* End PBXSourcesBuildPhase section */

/* Begin PBXVariantGroup section */
		1C28B47A219BC933001A9E80 /* Main.storyboard */ = {
			isa = PBXVariantGroup;
			children = (
				1C28B47B219BC933001A9E80 /* Base */,
			);
			name = Main.storyboard;
			sourceTree = "<group>";
		};
		1C28B47F219BC935001A9E80 /* LaunchScreen.storyboard */ = {
			isa = PBXVariantGroup;
			children = (
				1C28B480219BC935001A9E80 /* Base */,
			);
			name = LaunchScreen.storyboard;
			sourceTree = "<group>";
		};
/* End PBXVariantGroup section */

/* Begin XCBuildConfiguration section */
		1C28B485219BC935001A9E80 /* Debug */ = {
			isa = XCBuildConfiguration;
			buildSettings = {
				ALWAYS_SEARCH_USER_PATHS = NO;
				CLANG_ANALYZER_NONNULL = YES;
				CLANG_ANALYZER_NUMBER_OBJECT_CONVERSION = YES_AGGRESSIVE;
				CLANG_CXX_LANGUAGE_STANDARD = "gnu++14";
				CLANG_CXX_LIBRARY = "libc++";
				CLANG_ENABLE_MODULES = YES;
				CLANG_ENABLE_OBJC_ARC = YES;
				CLANG_ENABLE_OBJC_WEAK = YES;
				CLANG_WARN_BLOCK_CAPTURE_AUTORELEASING = YES;
				CLANG_WARN_BOOL_CONVERSION = YES;
				CLANG_WARN_COMMA = YES;
				CLANG_WARN_CONSTANT_CONVERSION = YES;
				CLANG_WARN_DEPRECATED_OBJC_IMPLEMENTATIONS = YES;
				CLANG_WARN_DIRECT_OBJC_ISA_USAGE = YES_ERROR;
				CLANG_WARN_DOCUMENTATION_COMMENTS = YES;
				CLANG_WARN_EMPTY_BODY = YES;
				CLANG_WARN_ENUM_CONVERSION = YES;
				CLANG_WARN_INFINITE_RECURSION = YES;
				CLANG_WARN_INT_CONVERSION = YES;
				CLANG_WARN_NON_LITERAL_NULL_CONVERSION = YES;
				CLANG_WARN_OBJC_IMPLICIT_RETAIN_SELF = YES;
				CLANG_WARN_OBJC_LITERAL_CONVERSION = YES;
				CLANG_WARN_OBJC_ROOT_CLASS = YES_ERROR;
				CLANG_WARN_RANGE_LOOP_ANALYSIS = YES;
				CLANG_WARN_STRICT_PROTOTYPES = YES;
				CLANG_WARN_SUSPICIOUS_MOVE = YES;
				CLANG_WARN_UNGUARDED_AVAILABILITY = YES_AGGRESSIVE;
				CLANG_WARN_UNREACHABLE_CODE = YES;
				CLANG_WARN__DUPLICATE_METHOD_MATCH = YES;
				CODE_SIGN_IDENTITY = "iPhone Developer";
				COPY_PHASE_STRIP = NO;
				DEBUG_INFORMATION_FORMAT = dwarf;
				ENABLE_STRICT_OBJC_MSGSEND = YES;
				ENABLE_TESTABILITY = YES;
				GCC_C_LANGUAGE_STANDARD = gnu11;
				GCC_DYNAMIC_NO_PIC = NO;
				GCC_NO_COMMON_BLOCKS = YES;
				GCC_OPTIMIZATION_LEVEL = 0;
				GCC_PREPROCESSOR_DEFINITIONS = (
					"DEBUG=1",
					"$(inherited)",
				);
				GCC_WARN_64_TO_32_BIT_CONVERSION = YES;
				GCC_WARN_ABOUT_RETURN_TYPE = YES_ERROR;
				GCC_WARN_UNDECLARED_SELECTOR = YES;
				GCC_WARN_UNINITIALIZED_AUTOS = YES_AGGRESSIVE;
				GCC_WARN_UNUSED_FUNCTION = YES;
				GCC_WARN_UNUSED_VARIABLE = YES;
				IPHONEOS_DEPLOYMENT_TARGET = 12.0;
				MTL_ENABLE_DEBUG_INFO = INCLUDE_SOURCE;
				MTL_FAST_MATH = YES;
				ONLY_ACTIVE_ARCH = YES;
				SDKROOT = iphoneos;
			};
			name = Debug;
		};
		1C28B486219BC935001A9E80 /* Release */ = {
			isa = XCBuildConfiguration;
			buildSettings = {
				ALWAYS_SEARCH_USER_PATHS = NO;
				CLANG_ANALYZER_NONNULL = YES;
				CLANG_ANALYZER_NUMBER_OBJECT_CONVERSION = YES_AGGRESSIVE;
				CLANG_CXX_LANGUAGE_STANDARD = "gnu++14";
				CLANG_CXX_LIBRARY = "libc++";
				CLANG_ENABLE_MODULES = YES;
				CLANG_ENABLE_OBJC_ARC = YES;
				CLANG_ENABLE_OBJC_WEAK = YES;
				CLANG_WARN_BLOCK_CAPTURE_AUTORELEASING = YES;
				CLANG_WARN_BOOL_CONVERSION = YES;
				CLANG_WARN_COMMA = YES;
				CLANG_WARN_CONSTANT_CONVERSION = YES;
				CLANG_WARN_DEPRECATED_OBJC_IMPLEMENTATIONS = YES;
				CLANG_WARN_DIRECT_OBJC_ISA_USAGE = YES_ERROR;
				CLANG_WARN_DOCUMENTATION_COMMENTS = YES;
				CLANG_WARN_EMPTY_BODY = YES;
				CLANG_WARN_ENUM_CONVERSION = YES;
				CLANG_WARN_INFINITE_RECURSION = YES;
				CLANG_WARN_INT_CONVERSION = YES;
				CLANG_WARN_NON_LITERAL_NULL_CONVERSION = YES;
				CLANG_WARN_OBJC_IMPLICIT_RETAIN_SELF = YES;
				CLANG_WARN_OBJC_LITERAL_CONVERSION = YES;
				CLANG_WARN_OBJC_ROOT_CLASS = YES_ERROR;
				CLANG_WARN_RANGE_LOOP_ANALYSIS = YES;
				CLANG_WARN_STRICT_PROTOTYPES = YES;
				CLANG_WARN_SUSPICIOUS_MOVE = YES;
				CLANG_WARN_UNGUARDED_AVAILABILITY = YES_AGGRESSIVE;
				CLANG_WARN_UNREACHABLE_CODE = YES;
				CLANG_WARN__DUPLICATE_METHOD_MATCH = YES;
				CODE_SIGN_IDENTITY = "iPhone Developer";
				COPY_PHASE_STRIP = NO;
				DEBUG_INFORMATION_FORMAT = "dwarf-with-dsym";
				ENABLE_NS_ASSERTIONS = NO;
				ENABLE_STRICT_OBJC_MSGSEND = YES;
				GCC_C_LANGUAGE_STANDARD = gnu11;
				GCC_NO_COMMON_BLOCKS = YES;
				GCC_WARN_64_TO_32_BIT_CONVERSION = YES;
				GCC_WARN_ABOUT_RETURN_TYPE = YES_ERROR;
				GCC_WARN_UNDECLARED_SELECTOR = YES;
				GCC_WARN_UNINITIALIZED_AUTOS = YES_AGGRESSIVE;
				GCC_WARN_UNUSED_FUNCTION = YES;
				GCC_WARN_UNUSED_VARIABLE = YES;
				IPHONEOS_DEPLOYMENT_TARGET = 12.0;
				MTL_ENABLE_DEBUG_INFO = NO;
				MTL_FAST_MATH = YES;
				SDKROOT = iphoneos;
				VALIDATE_PRODUCT = YES;
			};
			name = Release;
		};
		1C28B488219BC935001A9E80 /* Debug */ = {
			isa = XCBuildConfiguration;
			buildSettings = {
				ASSETCATALOG_COMPILER_APPICON_NAME = AppIcon;
				CODE_SIGN_STYLE = Automatic;
				DEVELOPMENT_TEAM = 2QC668LVNU;
				INFOPLIST_FILE = UCCat/Info.plist;
				IPHONEOS_DEPLOYMENT_TARGET = 8.0;
				LD_RUNPATH_SEARCH_PATHS = (
					"$(inherited)",
					"@executable_path/Frameworks",
				);
				PRODUCT_BUNDLE_IDENTIFIER = com.yibao.UCCat;
				PRODUCT_NAME = "$(TARGET_NAME)";
				TARGETED_DEVICE_FAMILY = "1,2";
			};
			name = Debug;
		};
		1C28B489219BC935001A9E80 /* Release */ = {
			isa = XCBuildConfiguration;
			buildSettings = {
				ASSETCATALOG_COMPILER_APPICON_NAME = AppIcon;
				CODE_SIGN_STYLE = Automatic;
				DEVELOPMENT_TEAM = 2QC668LVNU;
				INFOPLIST_FILE = UCCat/Info.plist;
				IPHONEOS_DEPLOYMENT_TARGET = 8.0;
				LD_RUNPATH_SEARCH_PATHS = (
					"$(inherited)",
					"@executable_path/Frameworks",
				);
				PRODUCT_BUNDLE_IDENTIFIER = com.yibao.UCCat;
				PRODUCT_NAME = "$(TARGET_NAME)";
				TARGETED_DEVICE_FAMILY = "1,2";
			};
			name = Release;
		};
/* End XCBuildConfiguration section */

/* Begin XCConfigurationList section */
		1C28B46C219BC933001A9E80 /* Build configuration list for PBXProject "UCCat" */ = {
			isa = XCConfigurationList;
			buildConfigurations = (
				1C28B485219BC935001A9E80 /* Debug */,
				1C28B486219BC935001A9E80 /* Release */,
			);
			defaultConfigurationIsVisible = 0;
			defaultConfigurationName = Release;
		};
		1C28B487219BC935001A9E80 /* Build configuration list for PBXNativeTarget "UCCat" */ = {
			isa = XCConfigurationList;
			buildConfigurations = (
				1C28B488219BC935001A9E80 /* Debug */,
				1C28B489219BC935001A9E80 /* Release */,
			);
			defaultConfigurationIsVisible = 0;
			defaultConfigurationName = Release;
		};
/* End XCConfigurationList section */
	};
	rootObject = 1C28B469219BC933001A9E80 /* Project object */;
}
